PODS:
  - FBSnapshotTestCase (2.1.4):
    - FBSnapshotTestCase/SwiftSupport (= 2.1.4)
  - FBSnapshotTestCase/Core (2.1.4)
  - FBSnapshotTestCase/SwiftSupport (2.1.4):
    - FBSnapshotTestCase/Core
  - iOSSnapshotTestCase (3.0.0):
    - iOSSnapshotTestCase/SwiftSupport (= 3.0.0)
  - iOSSnapshotTestCase/Core (3.0.0)
  - iOSSnapshotTestCase/SwiftSupport (3.0.0):
    - iOSSnapshotTestCase/Core
  - JXView (0.0.13)
  - Nimble (7.1.2)
  - Nimble-Snapshots (6.7.1):
    - Nimble-Snapshots/Core (= 6.7.1)
  - Nimble-Snapshots/Core (6.7.1):
    - iOSSnapshotTestCase (~> 3.0)
    - Nimble (~> 7.0)
  - Quick (1.0.0)

DEPENDENCIES:
  - FBSnapshotTestCase
  - JXView (from `../`)
  - Nimble (~> 7.1.2)
  - Nimble-Snapshots (~> 6.7.1)
  - Quick (~> 1.0.0)

SPEC REPOS:
  https://github.com/CocoaPods/Specs.git:
    - FBSnapshotTestCase
    - iOSSnapshotTestCase
    - Nimble
    - Nimble-Snapshots
    - Quick

EXTERNAL SOURCES:
  JXView:
    :path: "../"

SPEC CHECKSUMS:
  FBSnapshotTestCase: 094f9f314decbabe373b87cc339bea235a63e07a
  iOSSnapshotTestCase: 23984ffe05289728d646cbb6a7a10b4fb1c93440
  JXView: 93e600a9bb04677e40f97a041e8667227ac86cbe
  Nimble: 3835ba9f459daa6b347f8a8e110aaae8ca1920a8
  Nimble-Snapshots: 7ab1d5fd4a794b983805c6f6b8091fb00d772754
  Quick: 8024e4a47e6cc03a9d5245ef0948264fc6d27cff

PODFILE CHECKSUM: 9907586bf529390b0deaaae57902f65bbb18cc6c

COCOAPODS: 1.5.0
